# @generated by Move, please check-in and do not edit manually.

[move]
version = 3
manifest_digest = "0619A4D15814D9D52B5DB61301CC12217A80C20351778431BEB2D870D38A07D9"
deps_digest = "F8BBB0CCB2491CA29A3DF03D6F92277A4F3574266507ACD77214D37ECA3F3082"
dependencies = [
  { id = "Sui", name = "Sui" },
]

[[move.package]]
id = "MoveStdlib"
source = { git = "https://github.com/MystenLabs/sui.git", rev = "framework/testnet", subdir = "crates/sui-framework/packages/move-stdlib" }

[[move.package]]
id = "Sui"
source = { git = "https://github.com/MystenLabs/sui.git", rev = "framework/testnet", subdir = "crates/sui-framework/packages/sui-framework" }

dependencies = [
  { id = "MoveStdlib", name = "MoveStdlib" },
]

[move.toolchain-version]
compiler-version = "1.48.2"
edition = "2024.beta"
flavor = "sui"

[env]

[env.devnet]
chain-id = "6ee96fc3"
original-published-id = "0x52153c2b90c7c4b8c961fff3a50f32df5cd758f45941994a308384e7fafb3b53"
latest-published-id = "0x52153c2b90c7c4b8c961fff3a50f32df5cd758f45941994a308384e7fafb3b53"
published-version = "1"

[env.testnet]
chain-id = "4c78adac"
original-published-id = "0x28cb6cfbcd6f3b45e6f53bf7d6e83b273ac9c2ff640071bc001dbac21a1ff353"
latest-published-id = "0x28cb6cfbcd6f3b45e6f53bf7d6e83b273ac9c2ff640071bc001dbac21a1ff353"
published-version = "1"
